
Microsoft Visual Studio Solution File, Format Version 12.00
# Visual Studio Version 16
VisualStudioVersion = 16.0.30002.166
MinimumVisualStudioVersion = 10.0.40219.1
Project("{2150E333-8FDC-42A3-9474-1A3956D46DE8}") = "src", "src", "{1F32F974-1A66-4887-8DC2-A8BAB3AEE17D}"
EndProject
Project("{2150E333-8FDC-42A3-9474-1A3956D46DE8}") = "Catalog", "Catalog", "{AB4603C3-B032-4A7D-9781-9E03C4C5594E}"
EndProject
Project("{9A19103F-16F7-4668-BE54-9A1E7A4F7556}") = "Catalog.API", "src\Catalog\Catalog.API\Catalog.API.csproj", "{64B30D0B-6991-479C-ADB3-73C2E121163F}"
EndProject
Project("{E53339B2-1760-4266-BCC7-CA923CBCF16C}") = "docker-compose", "docker-compose.dcproj", "{713E06C6-B77B-4923-AE68-AA92DD40E0AF}"
EndProject
Global
	GlobalSection(SolutionConfigurationPlatforms) = preSolution
		Debug|Any CPU = Debug|Any CPU
		Release|Any CPU = Release|Any CPU
	EndGlobalSection
	GlobalSection(ProjectConfigurationPlatforms) = postSolution
		{64B30D0B-6991-479C-ADB3-73C2E121163F}.Debug|Any CPU.ActiveCfg = Debug|Any CPU
		{64B30D0B-6991-479C-ADB3-73C2E121163F}.Debug|Any CPU.Build.0 = Debug|Any CPU
		{64B30D0B-6991-479C-ADB3-73C2E121163F}.Release|Any CPU.ActiveCfg = Release|Any CPU
		{64B30D0B-6991-479C-ADB3-73C2E121163F}.Release|Any CPU.Build.0 = Release|Any CPU
		{713E06C6-B77B-4923-AE68-AA92DD40E0AF}.Debug|Any CPU.ActiveCfg = Debug|Any CPU
		{713E06C6-B77B-4923-AE68-AA92DD40E0AF}.Debug|Any CPU.Build.0 = Debug|Any CPU
		{713E06C6-B77B-4923-AE68-AA92DD40E0AF}.Release|Any CPU.ActiveCfg = Release|Any CPU
		{713E06C6-B77B-4923-AE68-AA92DD40E0AF}.Release|Any CPU.Build.0 = Release|Any CPU
	EndGlobalSection
	GlobalSection(SolutionProperties) = preSolution
		HideSolutionNode = FALSE
	EndGlobalSection
	GlobalSection(NestedProjects) = preSolution
		{AB4603C3-B032-4A7D-9781-9E03C4C5594E} = {1F32F974-1A66-4887-8DC2-A8BAB3AEE17D}
		{64B30D0B-6991-479C-ADB3-73C2E121163F} = {AB4603C3-B032-4A7D-9781-9E03C4C5594E}
	EndGlobalSection
	GlobalSection(ExtensibilityGlobals) = postSolution
		SolutionGuid = {976E779A-BDC9-44B4-A778-269979171BDE}
	EndGlobalSection
EndGlobal
